
Microsoft Visual Studio Solution File, Format Version 12.00
# Visual Studio 15
VisualStudioVersion = 15.0.26430.6
MinimumVisualStudioVersion = 10.0.40219.1
Project("{FAE04EC0-301F-11D3-BF4B-00C04F79EFBC}") = "MVCRazor", "MVCRazor\MVCRazor.csproj", "{6D219D30-9644-4EE2-A192-91DA290DAEB1}"
EndProject
Project("{FAE04EC0-301F-11D3-BF4B-00C04F79EFBC}") = "AspNetOperatePrinciple", "AspNetOperatePrinciple\AspNetOperatePrinciple.csproj", "{A76CBF7A-5F69-4EE6-8246-F98B6CAA0198}"
EndProject
Global
	GlobalSection(SolutionConfigurationPlatforms) = preSolution
		Debug|Any CPU = Debug|Any CPU
		Release|Any CPU = Release|Any CPU
	EndGlobalSection
	GlobalSection(ProjectConfigurationPlatforms) = postSolution
		{6D219D30-9644-4EE2-A192-91DA290DAEB1}.Debug|Any CPU.ActiveCfg = Debug|Any CPU
		{6D219D30-9644-4EE2-A192-91DA290DAEB1}.Debug|Any CPU.Build.0 = Debug|Any CPU
		{6D219D30-9644-4EE2-A192-91DA290DAEB1}.Release|Any CPU.ActiveCfg = Release|Any CPU
		{6D219D30-9644-4EE2-A192-91DA290DAEB1}.Release|Any CPU.Build.0 = Release|Any CPU
		{A76CBF7A-5F69-4EE6-8246-F98B6CAA0198}.Debug|Any CPU.ActiveCfg = Debug|Any CPU
		{A76CBF7A-5F69-4EE6-8246-F98B6CAA0198}.Debug|Any CPU.Build.0 = Debug|Any CPU
		{A76CBF7A-5F69-4EE6-8246-F98B6CAA0198}.Release|Any CPU.ActiveCfg = Release|Any CPU
		{A76CBF7A-5F69-4EE6-8246-F98B6CAA0198}.Release|Any CPU.Build.0 = Release|Any CPU
	EndGlobalSection
	GlobalSection(SolutionProperties) = preSolution
		HideSolutionNode = FALSE
	EndGlobalSection
	GlobalSection(ExtensibilityGlobals) = postSolution
		SolutionGuid = {CE1461AE-4C51-4747-8E66-9D0C2B9D31D8}
	EndGlobalSection
EndGlobal
